
Microsoft Visual Studio Solution File, Format Version 12.00
# Visual Studio Version 17
VisualStudioVersion = 17.13.35825.156 d17.13
MinimumVisualStudioVersion = 10.0.40219.1
Project("{FAE04EC0-301F-11D3-BF4B-00C04F79EFBC}") = "Domain", "Domain\Domain.csproj", "{954CC0D5-A1F7-4442-A71F-3A7E066818B2}"
EndProject
Project("{FAE04EC0-301F-11D3-BF4B-00C04F79EFBC}") = "Application", "Application\Application.csproj", "{622F2F75-9CCE-422D-A3B1-B53767A5C632}"
EndProject
Project("{FAE04EC0-301F-11D3-BF4B-00C04F79EFBC}") = "Infrastructure", "Infrastructure\Infrastructure.csproj", "{96029E7A-BDE3-42C5-B189-C8BD7B89321F}"
EndProject
Project("{FAE04EC0-301F-11D3-BF4B-00C04F79EFBC}") = "API", "API\API.csproj", "{6E73FA5A-A892-497C-A9E4-204A8238428C}"
EndProject
Global
	GlobalSection(SolutionConfigurationPlatforms) = preSolution
		Debug|Any CPU = Debug|Any CPU
		Release|Any CPU = Release|Any CPU
	EndGlobalSection
	GlobalSection(ProjectConfigurationPlatforms) = postSolution
		{954CC0D5-A1F7-4442-A71F-3A7E066818B2}.Debug|Any CPU.ActiveCfg = Debug|Any CPU
		{954CC0D5-A1F7-4442-A71F-3A7E066818B2}.Debug|Any CPU.Build.0 = Debug|Any CPU
		{954CC0D5-A1F7-4442-A71F-3A7E066818B2}.Release|Any CPU.ActiveCfg = Release|Any CPU
		{954CC0D5-A1F7-4442-A71F-3A7E066818B2}.Release|Any CPU.Build.0 = Release|Any CPU
		{622F2F75-9CCE-422D-A3B1-B53767A5C632}.Debug|Any CPU.ActiveCfg = Debug|Any CPU
		{622F2F75-9CCE-422D-A3B1-B53767A5C632}.Debug|Any CPU.Build.0 = Debug|Any CPU
		{622F2F75-9CCE-422D-A3B1-B53767A5C632}.Release|Any CPU.ActiveCfg = Release|Any CPU
		{622F2F75-9CCE-422D-A3B1-B53767A5C632}.Release|Any CPU.Build.0 = Release|Any CPU
		{96029E7A-BDE3-42C5-B189-C8BD7B89321F}.Debug|Any CPU.ActiveCfg = Debug|Any CPU
		{96029E7A-BDE3-42C5-B189-C8BD7B89321F}.Debug|Any CPU.Build.0 = Debug|Any CPU
		{96029E7A-BDE3-42C5-B189-C8BD7B89321F}.Release|Any CPU.ActiveCfg = Release|Any CPU
		{96029E7A-BDE3-42C5-B189-C8BD7B89321F}.Release|Any CPU.Build.0 = Release|Any CPU
		{6E73FA5A-A892-497C-A9E4-204A8238428C}.Debug|Any CPU.ActiveCfg = Debug|Any CPU
		{6E73FA5A-A892-497C-A9E4-204A8238428C}.Debug|Any CPU.Build.0 = Debug|Any CPU
		{6E73FA5A-A892-497C-A9E4-204A8238428C}.Release|Any CPU.ActiveCfg = Release|Any CPU
		{6E73FA5A-A892-497C-A9E4-204A8238428C}.Release|Any CPU.Build.0 = Release|Any CPU
	EndGlobalSection
	GlobalSection(SolutionProperties) = preSolution
		HideSolutionNode = FALSE
	EndGlobalSection
	GlobalSection(ExtensibilityGlobals) = postSolution
		SolutionGuid = {BD0AA75C-B603-4300-9073-B96AE50D24D3}
	EndGlobalSection
EndGlobal
